
Microsoft Visual Studio Solution File, Format Version 12.00
# Visual Studio Version 17
VisualStudioVersion = 17.4.33122.133
MinimumVisualStudioVersion = 10.0.40219.1
Project("{FAE04EC0-301F-11D3-BF4B-00C04F79EFBC}") = "Prakt20", "Prakt20\Prakt20.csproj", "{42DC74CD-AFFF-4D60-8F85-31F93F7A3F84}"
EndProject
Global
	GlobalSection(SolutionConfigurationPlatforms) = preSolution
		Debug|Any CPU = Debug|Any CPU
		Release|Any CPU = Release|Any CPU
	EndGlobalSection
	GlobalSection(ProjectConfigurationPlatforms) = postSolution
		{42DC74CD-AFFF-4D60-8F85-31F93F7A3F84}.Debug|Any CPU.ActiveCfg = Debug|Any CPU
		{42DC74CD-AFFF-4D60-8F85-31F93F7A3F84}.Debug|Any CPU.Build.0 = Debug|Any CPU
		{42DC74CD-AFFF-4D60-8F85-31F93F7A3F84}.Release|Any CPU.ActiveCfg = Release|Any CPU
		{42DC74CD-AFFF-4D60-8F85-31F93F7A3F84}.Release|Any CPU.Build.0 = Release|Any CPU
	EndGlobalSection
	GlobalSection(SolutionProperties) = preSolution
		HideSolutionNode = FALSE
	EndGlobalSection
	GlobalSection(ExtensibilityGlobals) = postSolution
		SolutionGuid = {AEE21FFB-C0B8-4E42-AEC0-6DC235D4B59C}
	EndGlobalSection
EndGlobal
